{
  "version": 4,
  "terraform_version": "1.3.6",
  "serial": 1,
  "lineage": "6d1aac53-6342-837b-994f-7842b60e8d26",
  "outputs": {},
  "resources": [
    {
      "mode": "managed",
      "type": "local_file",
      "name": "devops",
      "provider": "provider[\"registry.terraform.io/hashicorp/local\"]",
      "instances": [
        {
          "schema_version": 0,
          "attributes": {
            "content": "This is automated local file using Terrafrom",
            "content_base64": null,
            "directory_permission": "0777",
            "file_permission": "0777",
            "filename": "/home/ubuntu/terraform2/terraform_local/devops_automated.txt",
            "id": "91049853c031f3a46f441fccc34e19072c2180bf",
            "sensitive_content": null,
            "source": null
          },
          "sensitive_attributes": [],
          "private": "bnVsbA=="
        }
      ]
    }
  ],
  "check_results": null
}
